{
  "name": "itemsdat",
  "version": "2.1.2",
  "lockfileVersion": 3,
  "requires": true,
  "packages": {
    "": {
      "name": "itemsdat",
      "version": "2.1.2",
      "hasInstallScript": true,
      "license": "MIT",
      "dependencies": {
        "@types/node": "^14.14.10",
        "typescript": "^5.1.6"
      },
      "devDependencies": {}
    },
    "node_modules/@types/node": {
      "version": "14.18.54",
      "resolved": "https://registry.npmjs.org/@types/node/-/node-14.18.54.tgz",
      "integrity": "sha512-uq7O52wvo2Lggsx1x21tKZgqkJpvwCseBBPtX/nKQfpVlEsLOb11zZ1CRsWUKvJF0+lzuA9jwvA7Pr2Wt7i3xw=="
    },
    "node_modules/typescript": {
      "version": "5.1.6",
      "resolved": "https://registry.npmjs.org/typescript/-/typescript-5.1.6.tgz",
      "integrity": "sha512-zaWCozRZ6DLEWAWFrVDz1H6FVXzUSfTy5FUMWsQlU8Ym5JP9eO4xkTIROFCQvhQf61z6O/G6ugw3SgAnvvm+HA==",
      "bin": {
        "tsc": "bin/tsc",
        "tsserver": "bin/tsserver"
      },
      "engines": {
        "node": ">=14.17"
      }
    }
  }
}
